// !$*UTF8*$!
{
	archiveVersion = 1;
	classes = {
	};
	objectVersion = 50;
	objects = {

/* Begin PBXBuildFile section */
		29F1584F244F307A00A2DBBF /* AppDelegate.swift in Sources */ = {isa = PBXBuildFile; fileRef = 29F1584E244F307A00A2DBBF /* AppDelegate.swift */; };
		29F15851244F307A00A2DBBF /* SceneDelegate.swift in Sources */ = {isa = PBXBuildFile; fileRef = 29F15850244F307A00A2DBBF /* SceneDelegate.swift */; };
		29F15858244F307C00A2DBBF /* Assets.xcassets in Resources */ = {isa = PBXBuildFile; fileRef = 29F15857244F307C00A2DBBF /* Assets.xcassets */; };
		29F1585B244F307C00A2DBBF /* LaunchScreen.storyboard in Resources */ = {isa = PBXBuildFile; fileRef = 29F15859244F307C00A2DBBF /* LaunchScreen.storyboard */; };
		29F15866244F307D00A2DBBF /* InfosysAssignmentTests.swift in Sources */ = {isa = PBXBuildFile; fileRef = 29F15865244F307D00A2DBBF /* InfosysAssignmentTests.swift */; };
		29F15881244F4ACF00A2DBBF /* POCRouter.swift in Sources */ = {isa = PBXBuildFile; fileRef = 29F15874244F4ACF00A2DBBF /* POCRouter.swift */; };
		29F15882244F4ACF00A2DBBF /* POCPresenter.swift in Sources */ = {isa = PBXBuildFile; fileRef = 29F15875244F4ACF00A2DBBF /* POCPresenter.swift */; };
		29F15883244F4ACF00A2DBBF /* POCConfigurator.swift in Sources */ = {isa = PBXBuildFile; fileRef = 29F15876244F4ACF00A2DBBF /* POCConfigurator.swift */; };
		29F15884244F4ACF00A2DBBF /* POCListModel.swift in Sources */ = {isa = PBXBuildFile; fileRef = 29F15878244F4ACF00A2DBBF /* POCListModel.swift */; };
		29F15885244F4ACF00A2DBBF /* POCViewController.swift in Sources */ = {isa = PBXBuildFile; fileRef = 29F1587A244F4ACF00A2DBBF /* POCViewController.swift */; };
		29F15887244F4ACF00A2DBBF /* POCInteractor.swift in Sources */ = {isa = PBXBuildFile; fileRef = 29F1587F244F4ACF00A2DBBF /* POCInteractor.swift */; };
		29F15889244F77C400A2DBBF /* POCViewModel.swift in Sources */ = {isa = PBXBuildFile; fileRef = 29F15888244F77C400A2DBBF /* POCViewModel.swift */; };
/* End PBXBuildFile section */

/* Begin PBXContainerItemProxy section */
		29F15862244F307D00A2DBBF /* PBXContainerItemProxy */ = {
			isa = PBXContainerItemProxy;
			containerPortal = 29F15843244F307A00A2DBBF /* Project object */;
			proxyType = 1;
			remoteGlobalIDString = 29F1584A244F307A00A2DBBF;
			remoteInfo = InfosysAssignment;
		};
/* End PBXContainerItemProxy section */

/* Begin PBXFileReference section */
		29F1584B244F307A00A2DBBF /* InfosysAssignment.app */ = {isa = PBXFileReference; explicitFileType = wrapper.application; includeInIndex = 0; path = InfosysAssignment.app; sourceTree = BUILT_PRODUCTS_DIR; };
		29F1584E244F307A00A2DBBF /* AppDelegate.swift */ = {isa = PBXFileReference; lastKnownFileType = sourcecode.swift; path = AppDelegate.swift; sourceTree = "<group>"; };
		29F15850244F307A00A2DBBF /* SceneDelegate.swift */ = {isa = PBXFileReference; lastKnownFileType = sourcecode.swift; path = SceneDelegate.swift; sourceTree = "<group>"; };
		29F15857244F307C00A2DBBF /* Assets.xcassets */ = {isa = PBXFileReference; lastKnownFileType = folder.assetcatalog; path = Assets.xcassets; sourceTree = "<group>"; };
		29F1585A244F307C00A2DBBF /* Base */ = {isa = PBXFileReference; lastKnownFileType = file.storyboard; name = Base; path = Base.lproj/LaunchScreen.storyboard; sourceTree = "<group>"; };
		29F1585C244F307C00A2DBBF /* Info.plist */ = {isa = PBXFileReference; lastKnownFileType = text.plist.xml; path = Info.plist; sourceTree = "<group>"; };
		29F15861244F307D00A2DBBF /* InfosysAssignmentTests.xctest */ = {isa = PBXFileReference; explicitFileType = wrapper.cfbundle; includeInIndex = 0; path = InfosysAssignmentTests.xctest; sourceTree = BUILT_PRODUCTS_DIR; };
		29F15865244F307D00A2DBBF /* InfosysAssignmentTests.swift */ = {isa = PBXFileReference; lastKnownFileType = sourcecode.swift; path = InfosysAssignmentTests.swift; sourceTree = "<group>"; };
		29F15867244F307D00A2DBBF /* Info.plist */ = {isa = PBXFileReference; lastKnownFileType = text.plist.xml; path = Info.plist; sourceTree = "<group>"; };
		29F15874244F4ACF00A2DBBF /* POCRouter.swift */ = {isa = PBXFileReference; fileEncoding = 4; lastKnownFileType = sourcecode.swift; path = POCRouter.swift; sourceTree = "<group>"; };
		29F15875244F4ACF00A2DBBF /* POCPresenter.swift */ = {isa = PBXFileReference; fileEncoding = 4; lastKnownFileType = sourcecode.swift; path = POCPresenter.swift; sourceTree = "<group>"; };
		29F15876244F4ACF00A2DBBF /* POCConfigurator.swift */ = {isa = PBXFileReference; fileEncoding = 4; lastKnownFileType = sourcecode.swift; path = POCConfigurator.swift; sourceTree = "<group>"; };
		29F15878244F4ACF00A2DBBF /* POCListModel.swift */ = {isa = PBXFileReference; fileEncoding = 4; lastKnownFileType = sourcecode.swift; path = POCListModel.swift; sourceTree = "<group>"; };
		29F1587A244F4ACF00A2DBBF /* POCViewController.swift */ = {isa = PBXFileReference; fileEncoding = 4; lastKnownFileType = sourcecode.swift; path = POCViewController.swift; sourceTree = "<group>"; };
		29F1587F244F4ACF00A2DBBF /* POCInteractor.swift */ = {isa = PBXFileReference; fileEncoding = 4; lastKnownFileType = sourcecode.swift; path = POCInteractor.swift; sourceTree = "<group>"; };
		29F15888244F77C400A2DBBF /* POCViewModel.swift */ = {isa = PBXFileReference; lastKnownFileType = sourcecode.swift; path = POCViewModel.swift; sourceTree = "<group>"; };
/* End PBXFileReference section */

/* Begin PBXFrameworksBuildPhase section */
		29F15848244F307A00A2DBBF /* Frameworks */ = {
			isa = PBXFrameworksBuildPhase;
			buildActionMask = 2147483647;
			files = (
			);
			runOnlyForDeploymentPostprocessing = 0;
		};
		29F1585E244F307D00A2DBBF /* Frameworks */ = {
			isa = PBXFrameworksBuildPhase;
			buildActionMask = 2147483647;
			files = (
			);
			runOnlyForDeploymentPostprocessing = 0;
		};
/* End PBXFrameworksBuildPhase section */

/* Begin PBXGroup section */
		29F15842244F307A00A2DBBF = {
			isa = PBXGroup;
			children = (
				29F1584D244F307A00A2DBBF /* InfosysAssignment */,
				29F15864244F307D00A2DBBF /* InfosysAssignmentTests */,
				29F1584C244F307A00A2DBBF /* Products */,
			);
			sourceTree = "<group>";
		};
		29F1584C244F307A00A2DBBF /* Products */ = {
			isa = PBXGroup;
			children = (
				29F1584B244F307A00A2DBBF /* InfosysAssignment.app */,
				29F15861244F307D00A2DBBF /* InfosysAssignmentTests.xctest */,
			);
			name = Products;
			sourceTree = "<group>";
		};
		29F1584D244F307A00A2DBBF /* InfosysAssignment */ = {
			isa = PBXGroup;
			children = (
				29F15872244F4ACF00A2DBBF /* POC */,
				29F1584E244F307A00A2DBBF /* AppDelegate.swift */,
				29F15850244F307A00A2DBBF /* SceneDelegate.swift */,
				29F15857244F307C00A2DBBF /* Assets.xcassets */,
				29F15859244F307C00A2DBBF /* LaunchScreen.storyboard */,
				29F1585C244F307C00A2DBBF /* Info.plist */,
			);
			path = InfosysAssignment;
			sourceTree = "<group>";
		};
		29F15864244F307D00A2DBBF /* InfosysAssignmentTests */ = {
			isa = PBXGroup;
			children = (
				29F15865244F307D00A2DBBF /* InfosysAssignmentTests.swift */,
				29F15867244F307D00A2DBBF /* Info.plist */,
			);
			path = InfosysAssignmentTests;
			sourceTree = "<group>";
		};
		29F15872244F4ACF00A2DBBF /* POC */ = {
			isa = PBXGroup;
			children = (
				29F15873244F4ACF00A2DBBF /* CPR */,
				29F15877244F4ACF00A2DBBF /* Models */,
				29F15879244F4ACF00A2DBBF /* ViewControllers */,
				29F1587B244F4ACF00A2DBBF /* DataManagers */,
				29F1587E244F4ACF00A2DBBF /* Interactors */,
				29F15880244F4ACF00A2DBBF /* Views */,
			);
			path = POC;
			sourceTree = "<group>";
		};
		29F15873244F4ACF00A2DBBF /* CPR */ = {
			isa = PBXGroup;
			children = (
				29F15874244F4ACF00A2DBBF /* POCRouter.swift */,
				29F15875244F4ACF00A2DBBF /* POCPresenter.swift */,
				29F15876244F4ACF00A2DBBF /* POCConfigurator.swift */,
			);
			path = CPR;
			sourceTree = "<group>";
		};
		29F15877244F4ACF00A2DBBF /* Models */ = {
			isa = PBXGroup;
			children = (
				29F15878244F4ACF00A2DBBF /* POCListModel.swift */,
				29F15888244F77C400A2DBBF /* POCViewModel.swift */,
			);
			path = Models;
			sourceTree = "<group>";
		};
		29F15879244F4ACF00A2DBBF /* ViewControllers */ = {
			isa = PBXGroup;
			children = (
				29F1587A244F4ACF00A2DBBF /* POCViewController.swift */,
			);
			path = ViewControllers;
			sourceTree = "<group>";
		};
		29F1587B244F4ACF00A2DBBF /* DataManagers */ = {
			isa = PBXGroup;
			children = (
			);
			path = DataManagers;
			sourceTree = "<group>";
		};
		29F1587E244F4ACF00A2DBBF /* Interactors */ = {
			isa = PBXGroup;
			children = (
				29F1587F244F4ACF00A2DBBF /* POCInteractor.swift */,
			);
			path = Interactors;
			sourceTree = "<group>";
		};
		29F15880244F4ACF00A2DBBF /* Views */ = {
			isa = PBXGroup;
			children = (
			);
			path = Views;
			sourceTree = "<group>";
		};
/* End PBXGroup section */

/* Begin PBXNativeTarget section */
		29F1584A244F307A00A2DBBF /* InfosysAssignment */ = {
			isa = PBXNativeTarget;
			buildConfigurationList = 29F1586A244F307D00A2DBBF /* Build configuration list for PBXNativeTarget "InfosysAssignment" */;
			buildPhases = (
				29F15847244F307A00A2DBBF /* Sources */,
				29F15848244F307A00A2DBBF /* Frameworks */,
				29F15849244F307A00A2DBBF /* Resources */,
			);
			buildRules = (
			);
			dependencies = (
			);
			name = InfosysAssignment;
			productName = InfosysAssignment;
			productReference = 29F1584B244F307A00A2DBBF /* InfosysAssignment.app */;
			productType = "com.apple.product-type.application";
		};
		29F15860244F307D00A2DBBF /* InfosysAssignmentTests */ = {
			isa = PBXNativeTarget;
			buildConfigurationList = 29F1586D244F307D00A2DBBF /* Build configuration list for PBXNativeTarget "InfosysAssignmentTests" */;
			buildPhases = (
				29F1585D244F307D00A2DBBF /* Sources */,
				29F1585E244F307D00A2DBBF /* Frameworks */,
				29F1585F244F307D00A2DBBF /* Resources */,
			);
			buildRules = (
			);
			dependencies = (
				29F15863244F307D00A2DBBF /* PBXTargetDependency */,
			);
			name = InfosysAssignmentTests;
			productName = InfosysAssignmentTests;
			productReference = 29F15861244F307D00A2DBBF /* InfosysAssignmentTests.xctest */;
			productType = "com.apple.product-type.bundle.unit-test";
		};
/* End PBXNativeTarget section */

/* Begin PBXProject section */
		29F15843244F307A00A2DBBF /* Project object */ = {
			isa = PBXProject;
			attributes = {
				LastSwiftUpdateCheck = 1130;
				LastUpgradeCheck = 1130;
				ORGANIZATIONNAME = balaji;
				TargetAttributes = {
					29F1584A244F307A00A2DBBF = {
						CreatedOnToolsVersion = 11.3;
					};
					29F15860244F307D00A2DBBF = {
						CreatedOnToolsVersion = 11.3;
						TestTargetID = 29F1584A244F307A00A2DBBF;
					};
				};
			};
			buildConfigurationList = 29F15846244F307A00A2DBBF /* Build configuration list for PBXProject "InfosysAssignment" */;
			compatibilityVersion = "Xcode 9.3";
			developmentRegion = en;
			hasScannedForEncodings = 0;
			knownRegions = (
				en,
				Base,
			);
			mainGroup = 29F15842244F307A00A2DBBF;
			productRefGroup = 29F1584C244F307A00A2DBBF /* Products */;
			projectDirPath = "";
			projectRoot = "";
			targets = (
				29F1584A244F307A00A2DBBF /* InfosysAssignment */,
				29F15860244F307D00A2DBBF /* InfosysAssignmentTests */,
			);
		};
/* End PBXProject section */

/* Begin PBXResourcesBuildPhase section */
		29F15849244F307A00A2DBBF /* Resources */ = {
			isa = PBXResourcesBuildPhase;
			buildActionMask = 2147483647;
			files = (
				29F1585B244F307C00A2DBBF /* LaunchScreen.storyboard in Resources */,
				29F15858244F307C00A2DBBF /* Assets.xcassets in Resources */,
			);
			runOnlyForDeploymentPostprocessing = 0;
		};
		29F1585F244F307D00A2DBBF /* Resources */ = {
			isa = PBXResourcesBuildPhase;
			buildActionMask = 2147483647;
			files = (
			);
			runOnlyForDeploymentPostprocessing = 0;
		};
/* End PBXResourcesBuildPhase section */

/* Begin PBXSourcesBuildPhase section */
		29F15847244F307A00A2DBBF /* Sources */ = {
			isa = PBXSourcesBuildPhase;
			buildActionMask = 2147483647;
			files = (
				29F15881244F4ACF00A2DBBF /* POCRouter.swift in Sources */,
				29F15885244F4ACF00A2DBBF /* POCViewController.swift in Sources */,
				29F1584F244F307A00A2DBBF /* AppDelegate.swift in Sources */,
				29F15887244F4ACF00A2DBBF /* POCInteractor.swift in Sources */,
				29F15851244F307A00A2DBBF /* SceneDelegate.swift in Sources */,
				29F15882244F4ACF00A2DBBF /* POCPresenter.swift in Sources */,
				29F15884244F4ACF00A2DBBF /* POCListModel.swift in Sources */,
				29F15889244F77C400A2DBBF /* POCViewModel.swift in Sources */,
				29F15883244F4ACF00A2DBBF /* POCConfigurator.swift in Sources */,
			);
			runOnlyForDeploymentPostprocessing = 0;
		};
		29F1585D244F307D00A2DBBF /* Sources */ = {
			isa = PBXSourcesBuildPhase;
			buildActionMask = 2147483647;
			files = (
				29F15866244F307D00A2DBBF /* InfosysAssignmentTests.swift in Sources */,
			);
			runOnlyForDeploymentPostprocessing = 0;
		};
/* End PBXSourcesBuildPhase section */

/* Begin PBXTargetDependency section */
		29F15863244F307D00A2DBBF /* PBXTargetDependency */ = {
			isa = PBXTargetDependency;
			target = 29F1584A244F307A00A2DBBF /* InfosysAssignment */;
			targetProxy = 29F15862244F307D00A2DBBF /* PBXContainerItemProxy */;
		};
/* End PBXTargetDependency section */

/* Begin PBXVariantGroup section */
		29F15859244F307C00A2DBBF /* LaunchScreen.storyboard */ = {
			isa = PBXVariantGroup;
			children = (
				29F1585A244F307C00A2DBBF /* Base */,
			);
			name = LaunchScreen.storyboard;
			sourceTree = "<group>";
		};
/* End PBXVariantGroup section */

/* Begin XCBuildConfiguration section */
		29F15868244F307D00A2DBBF /* Debug */ = {
			isa = XCBuildConfiguration;
			buildSettings = {
				ALWAYS_SEARCH_USER_PATHS = NO;
				CLANG_ANALYZER_NONNULL = YES;
				CLANG_ANALYZER_NUMBER_OBJECT_CONVERSION = YES_AGGRESSIVE;
				CLANG_CXX_LANGUAGE_STANDARD = "gnu++14";
				CLANG_CXX_LIBRARY = "libc++";
				CLANG_ENABLE_MODULES = YES;
				CLANG_ENABLE_OBJC_ARC = YES;
				CLANG_ENABLE_OBJC_WEAK = YES;
				CLANG_WARN_BLOCK_CAPTURE_AUTORELEASING = YES;
				CLANG_WARN_BOOL_CONVERSION = YES;
				CLANG_WARN_COMMA = YES;
				CLANG_WARN_CONSTANT_CONVERSION = YES;
				CLANG_WARN_DEPRECATED_OBJC_IMPLEMENTATIONS = YES;
				CLANG_WARN_DIRECT_OBJC_ISA_USAGE = YES_ERROR;
				CLANG_WARN_DOCUMENTATION_COMMENTS = YES;
				CLANG_WARN_EMPTY_BODY = YES;
				CLANG_WARN_ENUM_CONVERSION = YES;
				CLANG_WARN_INFINITE_RECURSION = YES;
				CLANG_WARN_INT_CONVERSION = YES;
				CLANG_WARN_NON_LITERAL_NULL_CONVERSION = YES;
				CLANG_WARN_OBJC_IMPLICIT_RETAIN_SELF = YES;
				CLANG_WARN_OBJC_LITERAL_CONVERSION = YES;
				CLANG_WARN_OBJC_ROOT_CLASS = YES_ERROR;
				CLANG_WARN_RANGE_LOOP_ANALYSIS = YES;
				CLANG_WARN_STRICT_PROTOTYPES = YES;
				CLANG_WARN_SUSPICIOUS_MOVE = YES;
				CLANG_WARN_UNGUARDED_AVAILABILITY = YES_AGGRESSIVE;
				CLANG_WARN_UNREACHABLE_CODE = YES;
				CLANG_WARN__DUPLICATE_METHOD_MATCH = YES;
				COPY_PHASE_STRIP = NO;
				DEBUG_INFORMATION_FORMAT = dwarf;
				ENABLE_STRICT_OBJC_MSGSEND = YES;
				ENABLE_TESTABILITY = YES;
				GCC_C_LANGUAGE_STANDARD = gnu11;
				GCC_DYNAMIC_NO_PIC = NO;
				GCC_NO_COMMON_BLOCKS = YES;
				GCC_OPTIMIZATION_LEVEL = 0;
				GCC_PREPROCESSOR_DEFINITIONS = (
					"DEBUG=1",
					"$(inherited)",
				);
				GCC_WARN_64_TO_32_BIT_CONVERSION = YES;
				GCC_WARN_ABOUT_RETURN_TYPE = YES_ERROR;
				GCC_WARN_UNDECLARED_SELECTOR = YES;
				GCC_WARN_UNINITIALIZED_AUTOS = YES_AGGRESSIVE;
				GCC_WARN_UNUSED_FUNCTION = YES;
				GCC_WARN_UNUSED_VARIABLE = YES;
				IPHONEOS_DEPLOYMENT_TARGET = 13.2;
				MTL_ENABLE_DEBUG_INFO = INCLUDE_SOURCE;
				MTL_FAST_MATH = YES;
				ONLY_ACTIVE_ARCH = YES;
				SDKROOT = iphoneos;
				SWIFT_ACTIVE_COMPILATION_CONDITIONS = DEBUG;
				SWIFT_OPTIMIZATION_LEVEL = "-Onone";
			};
			name = Debug;
		};
		29F15869244F307D00A2DBBF /* Release */ = {
			isa = XCBuildConfiguration;
			buildSettings = {
				ALWAYS_SEARCH_USER_PATHS = NO;
				CLANG_ANALYZER_NONNULL = YES;
				CLANG_ANALYZER_NUMBER_OBJECT_CONVERSION = YES_AGGRESSIVE;
				CLANG_CXX_LANGUAGE_STANDARD = "gnu++14";
				CLANG_CXX_LIBRARY = "libc++";
				CLANG_ENABLE_MODULES = YES;
				CLANG_ENABLE_OBJC_ARC = YES;
				CLANG_ENABLE_OBJC_WEAK = YES;
				CLANG_WARN_BLOCK_CAPTURE_AUTORELEASING = YES;
				CLANG_WARN_BOOL_CONVERSION = YES;
				CLANG_WARN_COMMA = YES;
				CLANG_WARN_CONSTANT_CONVERSION = YES;
				CLANG_WARN_DEPRECATED_OBJC_IMPLEMENTATIONS = YES;
				CLANG_WARN_DIRECT_OBJC_ISA_USAGE = YES_ERROR;
				CLANG_WARN_DOCUMENTATION_COMMENTS = YES;
				CLANG_WARN_EMPTY_BODY = YES;
				CLANG_WARN_ENUM_CONVERSION = YES;
				CLANG_WARN_INFINITE_RECURSION = YES;
				CLANG_WARN_INT_CONVERSION = YES;
				CLANG_WARN_NON_LITERAL_NULL_CONVERSION = YES;
				CLANG_WARN_OBJC_IMPLICIT_RETAIN_SELF = YES;
				CLANG_WARN_OBJC_LITERAL_CONVERSION = YES;
				CLANG_WARN_OBJC_ROOT_CLASS = YES_ERROR;
				CLANG_WARN_RANGE_LOOP_ANALYSIS = YES;
				CLANG_WARN_STRICT_PROTOTYPES = YES;
				CLANG_WARN_SUSPICIOUS_MOVE = YES;
				CLANG_WARN_UNGUARDED_AVAILABILITY = YES_AGGRESSIVE;
				CLANG_WARN_UNREACHABLE_CODE = YES;
				CLANG_WARN__DUPLICATE_METHOD_MATCH = YES;
				COPY_PHASE_STRIP = NO;
				DEBUG_INFORMATION_FORMAT = "dwarf-with-dsym";
				ENABLE_NS_ASSERTIONS = NO;
				ENABLE_STRICT_OBJC_MSGSEND = YES;
				GCC_C_LANGUAGE_STANDARD = gnu11;
				GCC_NO_COMMON_BLOCKS = YES;
				GCC_WARN_64_TO_32_BIT_CONVERSION = YES;
				GCC_WARN_ABOUT_RETURN_TYPE = YES_ERROR;
				GCC_WARN_UNDECLARED_SELECTOR = YES;
				GCC_WARN_UNINITIALIZED_AUTOS = YES_AGGRESSIVE;
				GCC_WARN_UNUSED_FUNCTION = YES;
				GCC_WARN_UNUSED_VARIABLE = YES;
				IPHONEOS_DEPLOYMENT_TARGET = 13.2;
				MTL_ENABLE_DEBUG_INFO = NO;
				MTL_FAST_MATH = YES;
				SDKROOT = iphoneos;
				SWIFT_COMPILATION_MODE = wholemodule;
				SWIFT_OPTIMIZATION_LEVEL = "-O";
				VALIDATE_PRODUCT = YES;
			};
			name = Release;
		};
		29F1586B244F307D00A2DBBF /* Debug */ = {
			isa = XCBuildConfiguration;
			buildSettings = {
				ASSETCATALOG_COMPILER_APPICON_NAME = AppIcon;
				CODE_SIGN_STYLE = Automatic;
				INFOPLIST_FILE = InfosysAssignment/Info.plist;
				IPHONEOS_DEPLOYMENT_TARGET = 11.0;
				LD_RUNPATH_SEARCH_PATHS = (
					"$(inherited)",
					"@executable_path/Frameworks",
				);
				PRODUCT_BUNDLE_IDENTIFIER = balaji.InfosysAssignment;
				PRODUCT_NAME = "$(TARGET_NAME)";
				SWIFT_VERSION = 5.0;
				TARGETED_DEVICE_FAMILY = "1,2";
			};
			name = Debug;
		};
		29F1586C244F307D00A2DBBF /* Release */ = {
			isa = XCBuildConfiguration;
			buildSettings = {
				ASSETCATALOG_COMPILER_APPICON_NAME = AppIcon;
				CODE_SIGN_STYLE = Automatic;
				INFOPLIST_FILE = InfosysAssignment/Info.plist;
				IPHONEOS_DEPLOYMENT_TARGET = 11.0;
				LD_RUNPATH_SEARCH_PATHS = (
					"$(inherited)",
					"@executable_path/Frameworks",
				);
				PRODUCT_BUNDLE_IDENTIFIER = balaji.InfosysAssignment;
				PRODUCT_NAME = "$(TARGET_NAME)";
				SWIFT_VERSION = 5.0;
				TARGETED_DEVICE_FAMILY = "1,2";
			};
			name = Release;
		};
		29F1586E244F307D00A2DBBF /* Debug */ = {
			isa = XCBuildConfiguration;
			buildSettings = {
				ALWAYS_EMBED_SWIFT_STANDARD_LIBRARIES = YES;
				BUNDLE_LOADER = "$(TEST_HOST)";
				CODE_SIGN_STYLE = Automatic;
				INFOPLIST_FILE = InfosysAssignmentTests/Info.plist;
				IPHONEOS_DEPLOYMENT_TARGET = 13.2;
				LD_RUNPATH_SEARCH_PATHS = (
					"$(inherited)",
					"@executable_path/Frameworks",
					"@loader_path/Frameworks",
				);
				PRODUCT_BUNDLE_IDENTIFIER = balaji.InfosysAssignmentTests;
				PRODUCT_NAME = "$(TARGET_NAME)";
				SWIFT_VERSION = 5.0;
				TARGETED_DEVICE_FAMILY = "1,2";
				TEST_HOST = "$(BUILT_PRODUCTS_DIR)/InfosysAssignment.app/InfosysAssignment";
			};
			name = Debug;
		};
		29F1586F244F307D00A2DBBF /* Release */ = {
			isa = XCBuildConfiguration;
			buildSettings = {
				ALWAYS_EMBED_SWIFT_STANDARD_LIBRARIES = YES;
				BUNDLE_LOADER = "$(TEST_HOST)";
				CODE_SIGN_STYLE = Automatic;
				INFOPLIST_FILE = InfosysAssignmentTests/Info.plist;
				IPHONEOS_DEPLOYMENT_TARGET = 13.2;
				LD_RUNPATH_SEARCH_PATHS = (
					"$(inherited)",
					"@executable_path/Frameworks",
					"@loader_path/Frameworks",
				);
				PRODUCT_BUNDLE_IDENTIFIER = balaji.InfosysAssignmentTests;
				PRODUCT_NAME = "$(TARGET_NAME)";
				SWIFT_VERSION = 5.0;
				TARGETED_DEVICE_FAMILY = "1,2";
				TEST_HOST = "$(BUILT_PRODUCTS_DIR)/InfosysAssignment.app/InfosysAssignment";
			};
			name = Release;
		};
/* End XCBuildConfiguration section */

/* Begin XCConfigurationList section */
		29F15846244F307A00A2DBBF /* Build configuration list for PBXProject "InfosysAssignment" */ = {
			isa = XCConfigurationList;
			buildConfigurations = (
				29F15868244F307D00A2DBBF /* Debug */,
				29F15869244F307D00A2DBBF /* Release */,
			);
			defaultConfigurationIsVisible = 0;
			defaultConfigurationName = Release;
		};
		29F1586A244F307D00A2DBBF /* Build configuration list for PBXNativeTarget "InfosysAssignment" */ = {
			isa = XCConfigurationList;
			buildConfigurations = (
				29F1586B244F307D00A2DBBF /* Debug */,
				29F1586C244F307D00A2DBBF /* Release */,
			);
			defaultConfigurationIsVisible = 0;
			defaultConfigurationName = Release;
		};
		29F1586D244F307D00A2DBBF /* Build configuration list for PBXNativeTarget "InfosysAssignmentTests" */ = {
			isa = XCConfigurationList;
			buildConfigurations = (
				29F1586E244F307D00A2DBBF /* Debug */,
				29F1586F244F307D00A2DBBF /* Release */,
			);
			defaultConfigurationIsVisible = 0;
			defaultConfigurationName = Release;
		};
/* End XCConfigurationList section */
	};
	rootObject = 29F15843244F307A00A2DBBF /* Project object */;
}
